// !$*UTF8*$!
{
	archiveVersion = 1;
	classes = {
	};
	objectVersion = 46;
	objects = {

/* Begin PBXBuildFile section */
		89AE58EA0DA5BF9A000D5B52 /* error_code.cpp in Sources */ = {isa = PBXBuildFile; fileRef = 89AE58E90DA5BF9A000D5B52 /* error_code.cpp */; };
		9A3AB0EA17C6D5CB0016BE11 /* codecvt_error_category.cpp in Sources */ = {isa = PBXBuildFile; fileRef = 9A3AB0E317C6D5CB0016BE11 /* codecvt_error_category.cpp */; };
		9A3AB0EB17C6D5CB0016BE11 /* operations.cpp in Sources */ = {isa = PBXBuildFile; fileRef = 9A3AB0E417C6D5CB0016BE11 /* operations.cpp */; };
		9A3AB0EC17C6D5CB0016BE11 /* path_traits.cpp in Sources */ = {isa = PBXBuildFile; fileRef = 9A3AB0E517C6D5CB0016BE11 /* path_traits.cpp */; };
		9A3AB0ED17C6D5CB0016BE11 /* path.cpp in Sources */ = {isa = PBXBuildFile; fileRef = 9A3AB0E617C6D5CB0016BE11 /* path.cpp */; };
		9A3AB0EE17C6D5CB0016BE11 /* portability.cpp in Sources */ = {isa = PBXBuildFile; fileRef = 9A3AB0E717C6D5CB0016BE11 /* portability.cpp */; };
		9A3AB0EF17C6D5CB0016BE11 /* unique_path.cpp in Sources */ = {isa = PBXBuildFile; fileRef = 9A3AB0E817C6D5CB0016BE11 /* unique_path.cpp */; };
		9A3AB0F017C6D5CB0016BE11 /* utf8_codecvt_facet.cpp in Sources */ = {isa = PBXBuildFile; fileRef = 9A3AB0E917C6D5CB0016BE11 /* utf8_codecvt_facet.cpp */; };
/* End PBXBuildFile section */

/* Begin PBXFileReference section */
		89AE58E90DA5BF9A000D5B52 /* error_code.cpp */ = {isa = PBXFileReference; fileEncoding = 4; lastKnownFileType = sourcecode.cpp.cpp; name = error_code.cpp; path = ../../boost_libraries/libs/system/src/error_code.cpp; sourceTree = SOURCE_ROOT; };
		9A3AB0E317C6D5CB0016BE11 /* codecvt_error_category.cpp */ = {isa = PBXFileReference; fileEncoding = 4; lastKnownFileType = sourcecode.cpp.cpp; name = codecvt_error_category.cpp; path = ../../boost_libraries/libs/filesystem/src/codecvt_error_category.cpp; sourceTree = SOURCE_ROOT; };
		9A3AB0E417C6D5CB0016BE11 /* operations.cpp */ = {isa = PBXFileReference; fileEncoding = 4; lastKnownFileType = sourcecode.cpp.cpp; name = operations.cpp; path = ../../boost_libraries/libs/filesystem/src/operations.cpp; sourceTree = "<group>"; };
		9A3AB0E517C6D5CB0016BE11 /* path_traits.cpp */ = {isa = PBXFileReference; fileEncoding = 4; lastKnownFileType = sourcecode.cpp.cpp; name = path_traits.cpp; path = ../../boost_libraries/libs/filesystem/src/path_traits.cpp; sourceTree = "<group>"; };
		9A3AB0E617C6D5CB0016BE11 /* path.cpp */ = {isa = PBXFileReference; fileEncoding = 4; lastKnownFileType = sourcecode.cpp.cpp; name = path.cpp; path = ../../boost_libraries/libs/filesystem/src/path.cpp; sourceTree = "<group>"; };
		9A3AB0E717C6D5CB0016BE11 /* portability.cpp */ = {isa = PBXFileReference; fileEncoding = 4; lastKnownFileType = sourcecode.cpp.cpp; name = portability.cpp; path = ../../boost_libraries/libs/filesystem/src/portability.cpp; sourceTree = "<group>"; };
		9A3AB0E817C6D5CB0016BE11 /* unique_path.cpp */ = {isa = PBXFileReference; fileEncoding = 4; lastKnownFileType = sourcecode.cpp.cpp; name = unique_path.cpp; path = ../../boost_libraries/libs/filesystem/src/unique_path.cpp; sourceTree = "<group>"; };
		9A3AB0E917C6D5CB0016BE11 /* utf8_codecvt_facet.cpp */ = {isa = PBXFileReference; fileEncoding = 4; lastKnownFileType = sourcecode.cpp.cpp; name = utf8_codecvt_facet.cpp; path = ../../boost_libraries/libs/filesystem/src/utf8_codecvt_facet.cpp; sourceTree = "<group>"; };
		CE56A5C90A2FA0DC001D4DA0 /* adobe_xconfig_staticlib.xcconfig */ = {isa = PBXFileReference; fileEncoding = 4; lastKnownFileType = text.xcconfig; path = adobe_xconfig_staticlib.xcconfig; sourceTree = "<group>"; };
		CE5C20140947973700EB4BB6 /* adobe_debug.xcconfig */ = {isa = PBXFileReference; fileEncoding = 30; lastKnownFileType = text.xcconfig; path = adobe_debug.xcconfig; sourceTree = "<group>"; };
		CE5C20150947973700EB4BB6 /* adobe_release.xcconfig */ = {isa = PBXFileReference; fileEncoding = 30; lastKnownFileType = text.xcconfig; path = adobe_release.xcconfig; sourceTree = "<group>"; };
		D2AAC046055464E500DB518D /* libboost_filesystem.a */ = {isa = PBXFileReference; explicitFileType = archive.ar; includeInIndex = 0; path = libboost_filesystem.a; sourceTree = BUILT_PRODUCTS_DIR; };
/* End PBXFileReference section */

/* Begin PBXFrameworksBuildPhase section */
		D289987405E68DCB004EDB86 /* Frameworks */ = {
			isa = PBXFrameworksBuildPhase;
			buildActionMask = 2147483647;
			files = (
			);
			runOnlyForDeploymentPostprocessing = 0;
		};
/* End PBXFrameworksBuildPhase section */

/* Begin PBXGroup section */
		08FB7794FE84155DC02AAC07 /* boost_filesystem */ = {
			isa = PBXGroup;
			children = (
				CE5C1FC10947908500EB4BB6 /* xcconfigs */,
				08FB7795FE84155DC02AAC07 /* Source */,
				C6A0FF2B0290797F04C91782 /* Documentation */,
				1AB674ADFE9D54B511CA2CBB /* Products */,
			);
			name = boost_filesystem;
			sourceTree = "<group>";
		};
		08FB7795FE84155DC02AAC07 /* Source */ = {
			isa = PBXGroup;
			children = (
				9A3AB0E317C6D5CB0016BE11 /* codecvt_error_category.cpp */,
				9A3AB0E417C6D5CB0016BE11 /* operations.cpp */,
				9A3AB0E517C6D5CB0016BE11 /* path_traits.cpp */,
				9A3AB0E617C6D5CB0016BE11 /* path.cpp */,
				9A3AB0E717C6D5CB0016BE11 /* portability.cpp */,
				9A3AB0E817C6D5CB0016BE11 /* unique_path.cpp */,
				9A3AB0E917C6D5CB0016BE11 /* utf8_codecvt_facet.cpp */,
				89AE58E90DA5BF9A000D5B52 /* error_code.cpp */,
			);
			name = Source;
			sourceTree = "<group>";
		};
		1AB674ADFE9D54B511CA2CBB /* Products */ = {
			isa = PBXGroup;
			children = (
				D2AAC046055464E500DB518D /* libboost_filesystem.a */,
			);
			name = Products;
			sourceTree = "<group>";
		};
		C6A0FF2B0290797F04C91782 /* Documentation */ = {
			isa = PBXGroup;
			children = (
			);
			name = Documentation;
			sourceTree = "<group>";
		};
		CE5C1FC10947908500EB4BB6 /* xcconfigs */ = {
			isa = PBXGroup;
			children = (
				CE56A5C90A2FA0DC001D4DA0 /* adobe_xconfig_staticlib.xcconfig */,
				CE5C20140947973700EB4BB6 /* adobe_debug.xcconfig */,
				CE5C20150947973700EB4BB6 /* adobe_release.xcconfig */,
			);
			name = xcconfigs;
			sourceTree = "<group>";
		};
/* End PBXGroup section */

/* Begin PBXHeadersBuildPhase section */
		D2AAC043055464E500DB518D /* Headers */ = {
			isa = PBXHeadersBuildPhase;
			buildActionMask = 2147483647;
			files = (
			);
			runOnlyForDeploymentPostprocessing = 0;
		};
/* End PBXHeadersBuildPhase section */

/* Begin PBXNativeTarget section */
		D2AAC045055464E500DB518D /* boost_filesystem */ = {
			isa = PBXNativeTarget;
			buildConfigurationList = 1DEB91EB08733DB70010E9CD /* Build configuration list for PBXNativeTarget "boost_filesystem" */;
			buildPhases = (
				D2AAC043055464E500DB518D /* Headers */,
				D2AAC044055464E500DB518D /* Sources */,
				D289987405E68DCB004EDB86 /* Frameworks */,
			);
			buildRules = (
			);
			dependencies = (
			);
			name = boost_filesystem;
			productName = boost_filesystem;
			productReference = D2AAC046055464E500DB518D /* libboost_filesystem.a */;
			productType = "com.apple.product-type.library.static";
		};
/* End PBXNativeTarget section */

/* Begin PBXProject section */
		08FB7793FE84155DC02AAC07 /* Project object */ = {
			isa = PBXProject;
			attributes = {
				LastUpgradeCheck = 0700;
			};
			buildConfigurationList = 1DEB91EF08733DB70010E9CD /* Build configuration list for PBXProject "boost_filesystem" */;
			compatibilityVersion = "Xcode 3.2";
			developmentRegion = English;
			hasScannedForEncodings = 1;
			knownRegions = (
				English,
				Japanese,
				French,
				German,
			);
			mainGroup = 08FB7794FE84155DC02AAC07 /* boost_filesystem */;
			projectDirPath = "";
			projectRoot = "";
			targets = (
				D2AAC045055464E500DB518D /* boost_filesystem */,
			);
		};
/* End PBXProject section */

/* Begin PBXSourcesBuildPhase section */
		D2AAC044055464E500DB518D /* Sources */ = {
			isa = PBXSourcesBuildPhase;
			buildActionMask = 2147483647;
			files = (
				89AE58EA0DA5BF9A000D5B52 /* error_code.cpp in Sources */,
				9A3AB0EA17C6D5CB0016BE11 /* codecvt_error_category.cpp in Sources */,
				9A3AB0EB17C6D5CB0016BE11 /* operations.cpp in Sources */,
				9A3AB0EC17C6D5CB0016BE11 /* path_traits.cpp in Sources */,
				9A3AB0ED17C6D5CB0016BE11 /* path.cpp in Sources */,
				9A3AB0EE17C6D5CB0016BE11 /* portability.cpp in Sources */,
				9A3AB0EF17C6D5CB0016BE11 /* unique_path.cpp in Sources */,
				9A3AB0F017C6D5CB0016BE11 /* utf8_codecvt_facet.cpp in Sources */,
			);
			runOnlyForDeploymentPostprocessing = 0;
		};
/* End PBXSourcesBuildPhase section */

/* Begin XCBuildConfiguration section */
		1DEB91EC08733DB70010E9CD /* Debug */ = {
			isa = XCBuildConfiguration;
			baseConfigurationReference = CE5C20140947973700EB4BB6 /* adobe_debug.xcconfig */;
			buildSettings = {
				COMBINE_HIDPI_IMAGES = YES;
				COPY_PHASE_STRIP = NO;
				GCC_VERSION = com.apple.compilers.llvm.clang.1_0;
				PRODUCT_NAME = boost_filesystem;
				SDKROOT = macosx;
			};
			name = Debug;
		};
		1DEB91ED08733DB70010E9CD /* Release */ = {
			isa = XCBuildConfiguration;
			baseConfigurationReference = CE5C20150947973700EB4BB6 /* adobe_release.xcconfig */;
			buildSettings = {
				COMBINE_HIDPI_IMAGES = YES;
				GCC_VERSION = com.apple.compilers.llvm.clang.1_0;
				PRODUCT_NAME = boost_filesystem;
				SDKROOT = macosx;
			};
			name = Release;
		};
		1DEB91F008733DB70010E9CD /* Debug */ = {
			isa = XCBuildConfiguration;
			baseConfigurationReference = CE56A5C90A2FA0DC001D4DA0 /* adobe_xconfig_staticlib.xcconfig */;
			buildSettings = {
				CLANG_WARN_BOOL_CONVERSION = YES;
				CLANG_WARN_CONSTANT_CONVERSION = YES;
				CLANG_WARN_EMPTY_BODY = YES;
				CLANG_WARN_ENUM_CONVERSION = YES;
				CLANG_WARN_INT_CONVERSION = YES;
				CLANG_WARN_UNREACHABLE_CODE = YES;
				CLANG_WARN__DUPLICATE_METHOD_MATCH = YES;
				ENABLE_STRICT_OBJC_MSGSEND = YES;
				ENABLE_TESTABILITY = YES;
				GCC_NO_COMMON_BLOCKS = YES;
				GCC_TREAT_WARNINGS_AS_ERRORS = NO;
				GCC_WARN_64_TO_32_BIT_CONVERSION = YES;
				GCC_WARN_ABOUT_INVALID_OFFSETOF_MACRO = YES;
				GCC_WARN_UNDECLARED_SELECTOR = YES;
				GCC_WARN_UNINITIALIZED_AUTOS = YES;
				ONLY_ACTIVE_ARCH = YES;
			};
			name = Debug;
		};
		1DEB91F108733DB70010E9CD /* Release */ = {
			isa = XCBuildConfiguration;
			baseConfigurationReference = CE56A5C90A2FA0DC001D4DA0 /* adobe_xconfig_staticlib.xcconfig */;
			buildSettings = {
				CLANG_WARN_BOOL_CONVERSION = YES;
				CLANG_WARN_CONSTANT_CONVERSION = YES;
				CLANG_WARN_EMPTY_BODY = YES;
				CLANG_WARN_ENUM_CONVERSION = YES;
				CLANG_WARN_INT_CONVERSION = YES;
				CLANG_WARN_UNREACHABLE_CODE = YES;
				CLANG_WARN__DUPLICATE_METHOD_MATCH = YES;
				ENABLE_STRICT_OBJC_MSGSEND = YES;
				GCC_NO_COMMON_BLOCKS = YES;
				GCC_TREAT_WARNINGS_AS_ERRORS = NO;
				GCC_WARN_64_TO_32_BIT_CONVERSION = YES;
				GCC_WARN_ABOUT_INVALID_OFFSETOF_MACRO = YES;
				GCC_WARN_UNDECLARED_SELECTOR = YES;
				GCC_WARN_UNINITIALIZED_AUTOS = YES;
			};
			name = Release;
		};
		CE9297AF0A8AA87C00D13B7B /* Debug_PPC */ = {
			isa = XCBuildConfiguration;
			baseConfigurationReference = CE5C20140947973700EB4BB6 /* adobe_debug.xcconfig */;
			buildSettings = {
				COMBINE_HIDPI_IMAGES = YES;
				COPY_PHASE_STRIP = NO;
				GCC_VERSION = com.apple.compilers.llvm.clang.1_0;
				PRODUCT_NAME = boost_filesystem;
				SDKROOT = macosx;
			};
			name = Debug_PPC;
		};
		CE9297B00A8AA87C00D13B7B /* Debug_i386 */ = {
			isa = XCBuildConfiguration;
			baseConfigurationReference = CE5C20140947973700EB4BB6 /* adobe_debug.xcconfig */;
			buildSettings = {
				COMBINE_HIDPI_IMAGES = YES;
				COPY_PHASE_STRIP = NO;
				GCC_VERSION = com.apple.compilers.llvm.clang.1_0;
				PRODUCT_NAME = boost_filesystem;
				SDKROOT = macosx;
			};
			name = Debug_i386;
		};
		CE9297B10A8AA87C00D13B7B /* Debug_Universal */ = {
			isa = XCBuildConfiguration;
			baseConfigurationReference = CE5C20140947973700EB4BB6 /* adobe_debug.xcconfig */;
			buildSettings = {
				COMBINE_HIDPI_IMAGES = YES;
				COPY_PHASE_STRIP = NO;
				GCC_VERSION = com.apple.compilers.llvm.clang.1_0;
				PRODUCT_NAME = boost_filesystem;
				SDKROOT = macosx;
			};
			name = Debug_Universal;
		};
		CE9297B20A8AA87C00D13B7B /* Release_PPC */ = {
			isa = XCBuildConfiguration;
			baseConfigurationReference = CE5C20150947973700EB4BB6 /* adobe_release.xcconfig */;
			buildSettings = {
				COMBINE_HIDPI_IMAGES = YES;
				GCC_VERSION = com.apple.compilers.llvm.clang.1_0;
				PRODUCT_NAME = boost_filesystem;
				SDKROOT = macosx;
			};
			name = Release_PPC;
		};
		CE9297B30A8AA87C00D13B7B /* Release_i386 */ = {
			isa = XCBuildConfiguration;
			baseConfigurationReference = CE5C20150947973700EB4BB6 /* adobe_release.xcconfig */;
			buildSettings = {
				COMBINE_HIDPI_IMAGES = YES;
				GCC_VERSION = com.apple.compilers.llvm.clang.1_0;
				PRODUCT_NAME = boost_filesystem;
				SDKROOT = macosx;
			};
			name = Release_i386;
		};
		CE9297B40A8AA87C00D13B7B /* Release_Universal */ = {
			isa = XCBuildConfiguration;
			baseConfigurationReference = CE5C20150947973700EB4BB6 /* adobe_release.xcconfig */;
			buildSettings = {
				COMBINE_HIDPI_IMAGES = YES;
				GCC_VERSION = com.apple.compilers.llvm.clang.1_0;
				PRODUCT_NAME = boost_filesystem;
				SDKROOT = macosx;
			};
			name = Release_Universal;
		};
		CE9297B50A8AA87C00D13B7B /* Debug_PPC */ = {
			isa = XCBuildConfiguration;
			baseConfigurationReference = CE56A5C90A2FA0DC001D4DA0 /* adobe_xconfig_staticlib.xcconfig */;
			buildSettings = {
				CLANG_WARN_BOOL_CONVERSION = YES;
				CLANG_WARN_CONSTANT_CONVERSION = YES;
				CLANG_WARN_EMPTY_BODY = YES;
				CLANG_WARN_ENUM_CONVERSION = YES;
				CLANG_WARN_INT_CONVERSION = YES;
				CLANG_WARN_UNREACHABLE_CODE = YES;
				CLANG_WARN__DUPLICATE_METHOD_MATCH = YES;
				ENABLE_STRICT_OBJC_MSGSEND = YES;
				ENABLE_TESTABILITY = YES;
				GCC_NO_COMMON_BLOCKS = YES;
				GCC_TREAT_WARNINGS_AS_ERRORS = NO;
				GCC_WARN_64_TO_32_BIT_CONVERSION = YES;
				GCC_WARN_ABOUT_INVALID_OFFSETOF_MACRO = YES;
				GCC_WARN_UNDECLARED_SELECTOR = YES;
				GCC_WARN_UNINITIALIZED_AUTOS = YES;
				ONLY_ACTIVE_ARCH = YES;
			};
			name = Debug_PPC;
		};
		CE9297B60A8AA87C00D13B7B /* Debug_i386 */ = {
			isa = XCBuildConfiguration;
			baseConfigurationReference = CE56A5C90A2FA0DC001D4DA0 /* adobe_xconfig_staticlib.xcconfig */;
			buildSettings = {
				CLANG_WARN_BOOL_CONVERSION = YES;
				CLANG_WARN_CONSTANT_CONVERSION = YES;
				CLANG_WARN_EMPTY_BODY = YES;
				CLANG_WARN_ENUM_CONVERSION = YES;
				CLANG_WARN_INT_CONVERSION = YES;
				CLANG_WARN_UNREACHABLE_CODE = YES;
				CLANG_WARN__DUPLICATE_METHOD_MATCH = YES;
				ENABLE_STRICT_OBJC_MSGSEND = YES;
				ENABLE_TESTABILITY = YES;
				GCC_NO_COMMON_BLOCKS = YES;
				GCC_TREAT_WARNINGS_AS_ERRORS = NO;
				GCC_WARN_64_TO_32_BIT_CONVERSION = YES;
				GCC_WARN_ABOUT_INVALID_OFFSETOF_MACRO = YES;
				GCC_WARN_UNDECLARED_SELECTOR = YES;
				GCC_WARN_UNINITIALIZED_AUTOS = YES;
				ONLY_ACTIVE_ARCH = YES;
			};
			name = Debug_i386;
		};
		CE9297B70A8AA87C00D13B7B /* Debug_Universal */ = {
			isa = XCBuildConfiguration;
			baseConfigurationReference = CE56A5C90A2FA0DC001D4DA0 /* adobe_xconfig_staticlib.xcconfig */;
			buildSettings = {
				CLANG_WARN_BOOL_CONVERSION = YES;
				CLANG_WARN_CONSTANT_CONVERSION = YES;
				CLANG_WARN_EMPTY_BODY = YES;
				CLANG_WARN_ENUM_CONVERSION = YES;
				CLANG_WARN_INT_CONVERSION = YES;
				CLANG_WARN_UNREACHABLE_CODE = YES;
				CLANG_WARN__DUPLICATE_METHOD_MATCH = YES;
				ENABLE_STRICT_OBJC_MSGSEND = YES;
				ENABLE_TESTABILITY = YES;
				GCC_NO_COMMON_BLOCKS = YES;
				GCC_TREAT_WARNINGS_AS_ERRORS = NO;
				GCC_WARN_64_TO_32_BIT_CONVERSION = YES;
				GCC_WARN_ABOUT_INVALID_OFFSETOF_MACRO = YES;
				GCC_WARN_UNDECLARED_SELECTOR = YES;
				GCC_WARN_UNINITIALIZED_AUTOS = YES;
				ONLY_ACTIVE_ARCH = YES;
			};
			name = Debug_Universal;
		};
		CE9297B80A8AA87C00D13B7B /* Release_PPC */ = {
			isa = XCBuildConfiguration;
			baseConfigurationReference = CE56A5C90A2FA0DC001D4DA0 /* adobe_xconfig_staticlib.xcconfig */;
			buildSettings = {
				CLANG_WARN_BOOL_CONVERSION = YES;
				CLANG_WARN_CONSTANT_CONVERSION = YES;
				CLANG_WARN_EMPTY_BODY = YES;
				CLANG_WARN_ENUM_CONVERSION = YES;
				CLANG_WARN_INT_CONVERSION = YES;
				CLANG_WARN_UNREACHABLE_CODE = YES;
				CLANG_WARN__DUPLICATE_METHOD_MATCH = YES;
				ENABLE_STRICT_OBJC_MSGSEND = YES;
				GCC_NO_COMMON_BLOCKS = YES;
				GCC_TREAT_WARNINGS_AS_ERRORS = NO;
				GCC_WARN_64_TO_32_BIT_CONVERSION = YES;
				GCC_WARN_ABOUT_INVALID_OFFSETOF_MACRO = YES;
				GCC_WARN_UNDECLARED_SELECTOR = YES;
				GCC_WARN_UNINITIALIZED_AUTOS = YES;
			};
			name = Release_PPC;
		};
		CE9297B90A8AA87C00D13B7B /* Release_i386 */ = {
			isa = XCBuildConfiguration;
			baseConfigurationReference = CE56A5C90A2FA0DC001D4DA0 /* adobe_xconfig_staticlib.xcconfig */;
			buildSettings = {
				CLANG_WARN_BOOL_CONVERSION = YES;
				CLANG_WARN_CONSTANT_CONVERSION = YES;
				CLANG_WARN_EMPTY_BODY = YES;
				CLANG_WARN_ENUM_CONVERSION = YES;
				CLANG_WARN_INT_CONVERSION = YES;
				CLANG_WARN_UNREACHABLE_CODE = YES;
				CLANG_WARN__DUPLICATE_METHOD_MATCH = YES;
				ENABLE_STRICT_OBJC_MSGSEND = YES;
				GCC_NO_COMMON_BLOCKS = YES;
				GCC_TREAT_WARNINGS_AS_ERRORS = NO;
				GCC_WARN_64_TO_32_BIT_CONVERSION = YES;
				GCC_WARN_ABOUT_INVALID_OFFSETOF_MACRO = YES;
				GCC_WARN_UNDECLARED_SELECTOR = YES;
				GCC_WARN_UNINITIALIZED_AUTOS = YES;
			};
			name = Release_i386;
		};
		CE9297BA0A8AA87C00D13B7B /* Release_Universal */ = {
			isa = XCBuildConfiguration;
			baseConfigurationReference = CE56A5C90A2FA0DC001D4DA0 /* adobe_xconfig_staticlib.xcconfig */;
			buildSettings = {
				CLANG_WARN_BOOL_CONVERSION = YES;
				CLANG_WARN_CONSTANT_CONVERSION = YES;
				CLANG_WARN_EMPTY_BODY = YES;
				CLANG_WARN_ENUM_CONVERSION = YES;
				CLANG_WARN_INT_CONVERSION = YES;
				CLANG_WARN_UNREACHABLE_CODE = YES;
				CLANG_WARN__DUPLICATE_METHOD_MATCH = YES;
				ENABLE_STRICT_OBJC_MSGSEND = YES;
				GCC_NO_COMMON_BLOCKS = YES;
				GCC_TREAT_WARNINGS_AS_ERRORS = NO;
				GCC_WARN_64_TO_32_BIT_CONVERSION = YES;
				GCC_WARN_ABOUT_INVALID_OFFSETOF_MACRO = YES;
				GCC_WARN_UNDECLARED_SELECTOR = YES;
				GCC_WARN_UNINITIALIZED_AUTOS = YES;
			};
			name = Release_Universal;
		};
/* End XCBuildConfiguration section */

/* Begin XCConfigurationList section */
		1DEB91EB08733DB70010E9CD /* Build configuration list for PBXNativeTarget "boost_filesystem" */ = {
			isa = XCConfigurationList;
			buildConfigurations = (
				1DEB91EC08733DB70010E9CD /* Debug */,
				CE9297AF0A8AA87C00D13B7B /* Debug_PPC */,
				CE9297B00A8AA87C00D13B7B /* Debug_i386 */,
				CE9297B10A8AA87C00D13B7B /* Debug_Universal */,
				1DEB91ED08733DB70010E9CD /* Release */,
				CE9297B20A8AA87C00D13B7B /* Release_PPC */,
				CE9297B30A8AA87C00D13B7B /* Release_i386 */,
				CE9297B40A8AA87C00D13B7B /* Release_Universal */,
			);
			defaultConfigurationIsVisible = 0;
			defaultConfigurationName = Debug;
		};
		1DEB91EF08733DB70010E9CD /* Build configuration list for PBXProject "boost_filesystem" */ = {
			isa = XCConfigurationList;
			buildConfigurations = (
				1DEB91F008733DB70010E9CD /* Debug */,
				CE9297B50A8AA87C00D13B7B /* Debug_PPC */,
				CE9297B60A8AA87C00D13B7B /* Debug_i386 */,
				CE9297B70A8AA87C00D13B7B /* Debug_Universal */,
				1DEB91F108733DB70010E9CD /* Release */,
				CE9297B80A8AA87C00D13B7B /* Release_PPC */,
				CE9297B90A8AA87C00D13B7B /* Release_i386 */,
				CE9297BA0A8AA87C00D13B7B /* Release_Universal */,
			);
			defaultConfigurationIsVisible = 0;
			defaultConfigurationName = Debug;
		};
/* End XCConfigurationList section */
	};
	rootObject = 08FB7793FE84155DC02AAC07 /* Project object */;
}
